
Microsoft Visual Studio Solution File, Format Version 12.00
# Visual Studio Version 16
VisualStudioVersion = 16.0.31402.337
MinimumVisualStudioVersion = 10.0.40219.1
Project("{FAE04EC0-301F-11D3-BF4B-00C04F79EFBC}") = "Seven-SegmentTest", "Seven-SegmentTest\Seven-SegmentTest.csproj", "{020CC6CE-19D8-4870-9F6E-4FFC8070A08D}"
EndProject
Global
	GlobalSection(SolutionConfigurationPlatforms) = preSolution
		Debug|Any CPU = Debug|Any CPU
		Release|Any CPU = Release|Any CPU
	EndGlobalSection
	GlobalSection(ProjectConfigurationPlatforms) = postSolution
		{020CC6CE-19D8-4870-9F6E-4FFC8070A08D}.Debug|Any CPU.ActiveCfg = Debug|Any CPU
		{020CC6CE-19D8-4870-9F6E-4FFC8070A08D}.Debug|Any CPU.Build.0 = Debug|Any CPU
		{020CC6CE-19D8-4870-9F6E-4FFC8070A08D}.Release|Any CPU.ActiveCfg = Release|Any CPU
		{020CC6CE-19D8-4870-9F6E-4FFC8070A08D}.Release|Any CPU.Build.0 = Release|Any CPU
	EndGlobalSection
	GlobalSection(SolutionProperties) = preSolution
		HideSolutionNode = FALSE
	EndGlobalSection
	GlobalSection(ExtensibilityGlobals) = postSolution
		SolutionGuid = {1C74179A-EA23-4E97-9CA2-E73953F10A2F}
	EndGlobalSection
EndGlobal
